// !$*UTF8*$!
{
	archiveVersion = 1;
	classes = {
	};
	objectVersion = 50;
	objects = {

/* Begin PBXBuildFile section */
		FC31D24223B3DAC1006162D7 /* AppDelegate.swift in Sources */ = {isa = PBXBuildFile; fileRef = FC31D24123B3DAC1006162D7 /* AppDelegate.swift */; };
		FC31D24423B3DAC1006162D7 /* SceneDelegate.swift in Sources */ = {isa = PBXBuildFile; fileRef = FC31D24323B3DAC1006162D7 /* SceneDelegate.swift */; };
		FC31D24623B3DAC1006162D7 /* ViewController.swift in Sources */ = {isa = PBXBuildFile; fileRef = FC31D24523B3DAC1006162D7 /* ViewController.swift */; };
		FC31D24923B3DAC1006162D7 /* Main.storyboard in Resources */ = {isa = PBXBuildFile; fileRef = FC31D24723B3DAC1006162D7 /* Main.storyboard */; };
		FC31D24B23B3DAC9006162D7 /* Assets.xcassets in Resources */ = {isa = PBXBuildFile; fileRef = FC31D24A23B3DAC9006162D7 /* Assets.xcassets */; };
		FC31D24E23B3DAC9006162D7 /* LaunchScreen.storyboard in Resources */ = {isa = PBXBuildFile; fileRef = FC31D24C23B3DAC9006162D7 /* LaunchScreen.storyboard */; };
		FC31D25923B3DACA006162D7 /* HeatmapAppTests.swift in Sources */ = {isa = PBXBuildFile; fileRef = FC31D25823B3DACA006162D7 /* HeatmapAppTests.swift */; };
		FC31D26423B3DACA006162D7 /* HeatmapAppUITests.swift in Sources */ = {isa = PBXBuildFile; fileRef = FC31D26323B3DACA006162D7 /* HeatmapAppUITests.swift */; };
/* End PBXBuildFile section */

/* Begin PBXContainerItemProxy section */
		FC31D25523B3DACA006162D7 /* PBXContainerItemProxy */ = {
			isa = PBXContainerItemProxy;
			containerPortal = FC31D23623B3DAC1006162D7 /* Project object */;
			proxyType = 1;
			remoteGlobalIDString = FC31D23D23B3DAC1006162D7;
			remoteInfo = HeatmapApp;
		};
		FC31D26023B3DACA006162D7 /* PBXContainerItemProxy */ = {
			isa = PBXContainerItemProxy;
			containerPortal = FC31D23623B3DAC1006162D7 /* Project object */;
			proxyType = 1;
			remoteGlobalIDString = FC31D23D23B3DAC1006162D7;
			remoteInfo = HeatmapApp;
		};
/* End PBXContainerItemProxy section */

/* Begin PBXFileReference section */
		FC31D23E23B3DAC1006162D7 /* HeatmapApp.app */ = {isa = PBXFileReference; explicitFileType = wrapper.application; includeInIndex = 0; path = HeatmapApp.app; sourceTree = BUILT_PRODUCTS_DIR; };
		FC31D24123B3DAC1006162D7 /* AppDelegate.swift */ = {isa = PBXFileReference; lastKnownFileType = sourcecode.swift; path = AppDelegate.swift; sourceTree = "<group>"; };
		FC31D24323B3DAC1006162D7 /* SceneDelegate.swift */ = {isa = PBXFileReference; lastKnownFileType = sourcecode.swift; path = SceneDelegate.swift; sourceTree = "<group>"; };
		FC31D24523B3DAC1006162D7 /* ViewController.swift */ = {isa = PBXFileReference; lastKnownFileType = sourcecode.swift; path = ViewController.swift; sourceTree = "<group>"; };
		FC31D24823B3DAC1006162D7 /* Base */ = {isa = PBXFileReference; lastKnownFileType = file.storyboard; name = Base; path = Base.lproj/Main.storyboard; sourceTree = "<group>"; };
		FC31D24A23B3DAC9006162D7 /* Assets.xcassets */ = {isa = PBXFileReference; lastKnownFileType = folder.assetcatalog; path = Assets.xcassets; sourceTree = "<group>"; };
		FC31D24D23B3DAC9006162D7 /* Base */ = {isa = PBXFileReference; lastKnownFileType = file.storyboard; name = Base; path = Base.lproj/LaunchScreen.storyboard; sourceTree = "<group>"; };
		FC31D24F23B3DAC9006162D7 /* Info.plist */ = {isa = PBXFileReference; lastKnownFileType = text.plist.xml; path = Info.plist; sourceTree = "<group>"; };
		FC31D25423B3DACA006162D7 /* HeatmapAppTests.xctest */ = {isa = PBXFileReference; explicitFileType = wrapper.cfbundle; includeInIndex = 0; path = HeatmapAppTests.xctest; sourceTree = BUILT_PRODUCTS_DIR; };
		FC31D25823B3DACA006162D7 /* HeatmapAppTests.swift */ = {isa = PBXFileReference; lastKnownFileType = sourcecode.swift; path = HeatmapAppTests.swift; sourceTree = "<group>"; };
		FC31D25A23B3DACA006162D7 /* Info.plist */ = {isa = PBXFileReference; lastKnownFileType = text.plist.xml; path = Info.plist; sourceTree = "<group>"; };
		FC31D25F23B3DACA006162D7 /* HeatmapAppUITests.xctest */ = {isa = PBXFileReference; explicitFileType = wrapper.cfbundle; includeInIndex = 0; path = HeatmapAppUITests.xctest; sourceTree = BUILT_PRODUCTS_DIR; };
		FC31D26323B3DACA006162D7 /* HeatmapAppUITests.swift */ = {isa = PBXFileReference; lastKnownFileType = sourcecode.swift; path = HeatmapAppUITests.swift; sourceTree = "<group>"; };
		FC31D26523B3DACA006162D7 /* Info.plist */ = {isa = PBXFileReference; lastKnownFileType = text.plist.xml; path = Info.plist; sourceTree = "<group>"; };
/* End PBXFileReference section */

/* Begin PBXFrameworksBuildPhase section */
		FC31D23B23B3DAC1006162D7 /* Frameworks */ = {
			isa = PBXFrameworksBuildPhase;
			buildActionMask = 2147483647;
			files = (
			);
			runOnlyForDeploymentPostprocessing = 0;
		};
		FC31D25123B3DACA006162D7 /* Frameworks */ = {
			isa = PBXFrameworksBuildPhase;
			buildActionMask = 2147483647;
			files = (
			);
			runOnlyForDeploymentPostprocessing = 0;
		};
		FC31D25C23B3DACA006162D7 /* Frameworks */ = {
			isa = PBXFrameworksBuildPhase;
			buildActionMask = 2147483647;
			files = (
			);
			runOnlyForDeploymentPostprocessing = 0;
		};
/* End PBXFrameworksBuildPhase section */

/* Begin PBXGroup section */
		FC31D23523B3DAC1006162D7 = {
			isa = PBXGroup;
			children = (
				FC31D24023B3DAC1006162D7 /* HeatmapApp */,
				FC31D25723B3DACA006162D7 /* HeatmapAppTests */,
				FC31D26223B3DACA006162D7 /* HeatmapAppUITests */,
				FC31D23F23B3DAC1006162D7 /* Products */,
			);
			sourceTree = "<group>";
		};
		FC31D23F23B3DAC1006162D7 /* Products */ = {
			isa = PBXGroup;
			children = (
				FC31D23E23B3DAC1006162D7 /* HeatmapApp.app */,
				FC31D25423B3DACA006162D7 /* HeatmapAppTests.xctest */,
				FC31D25F23B3DACA006162D7 /* HeatmapAppUITests.xctest */,
			);
			name = Products;
			sourceTree = "<group>";
		};
		FC31D24023B3DAC1006162D7 /* HeatmapApp */ = {
			isa = PBXGroup;
			children = (
				FC31D24123B3DAC1006162D7 /* AppDelegate.swift */,
				FC31D24323B3DAC1006162D7 /* SceneDelegate.swift */,
				FC31D24523B3DAC1006162D7 /* ViewController.swift */,
				FC31D24723B3DAC1006162D7 /* Main.storyboard */,
				FC31D24A23B3DAC9006162D7 /* Assets.xcassets */,
				FC31D24C23B3DAC9006162D7 /* LaunchScreen.storyboard */,
				FC31D24F23B3DAC9006162D7 /* Info.plist */,
			);
			path = HeatmapApp;
			sourceTree = "<group>";
		};
		FC31D25723B3DACA006162D7 /* HeatmapAppTests */ = {
			isa = PBXGroup;
			children = (
				FC31D25823B3DACA006162D7 /* HeatmapAppTests.swift */,
				FC31D25A23B3DACA006162D7 /* Info.plist */,
			);
			path = HeatmapAppTests;
			sourceTree = "<group>";
		};
		FC31D26223B3DACA006162D7 /* HeatmapAppUITests */ = {
			isa = PBXGroup;
			children = (
				FC31D26323B3DACA006162D7 /* HeatmapAppUITests.swift */,
				FC31D26523B3DACA006162D7 /* Info.plist */,
			);
			path = HeatmapAppUITests;
			sourceTree = "<group>";
		};
/* End PBXGroup section */

/* Begin PBXNativeTarget section */
		FC31D23D23B3DAC1006162D7 /* HeatmapApp */ = {
			isa = PBXNativeTarget;
			buildConfigurationList = FC31D26823B3DACB006162D7 /* Build configuration list for PBXNativeTarget "HeatmapApp" */;
			buildPhases = (
				FC31D23A23B3DAC1006162D7 /* Sources */,
				FC31D23B23B3DAC1006162D7 /* Frameworks */,
				FC31D23C23B3DAC1006162D7 /* Resources */,
			);
			buildRules = (
			);
			dependencies = (
			);
			name = HeatmapApp;
			productName = HeatmapApp;
			productReference = FC31D23E23B3DAC1006162D7 /* HeatmapApp.app */;
			productType = "com.apple.product-type.application";
		};
		FC31D25323B3DACA006162D7 /* HeatmapAppTests */ = {
			isa = PBXNativeTarget;
			buildConfigurationList = FC31D26B23B3DACB006162D7 /* Build configuration list for PBXNativeTarget "HeatmapAppTests" */;
			buildPhases = (
				FC31D25023B3DACA006162D7 /* Sources */,
				FC31D25123B3DACA006162D7 /* Frameworks */,
				FC31D25223B3DACA006162D7 /* Resources */,
			);
			buildRules = (
			);
			dependencies = (
				FC31D25623B3DACA006162D7 /* PBXTargetDependency */,
			);
			name = HeatmapAppTests;
			productName = HeatmapAppTests;
			productReference = FC31D25423B3DACA006162D7 /* HeatmapAppTests.xctest */;
			productType = "com.apple.product-type.bundle.unit-test";
		};
		FC31D25E23B3DACA006162D7 /* HeatmapAppUITests */ = {
			isa = PBXNativeTarget;
			buildConfigurationList = FC31D26E23B3DACB006162D7 /* Build configuration list for PBXNativeTarget "HeatmapAppUITests" */;
			buildPhases = (
				FC31D25B23B3DACA006162D7 /* Sources */,
				FC31D25C23B3DACA006162D7 /* Frameworks */,
				FC31D25D23B3DACA006162D7 /* Resources */,
			);
			buildRules = (
			);
			dependencies = (
				FC31D26123B3DACA006162D7 /* PBXTargetDependency */,
			);
			name = HeatmapAppUITests;
			productName = HeatmapAppUITests;
			productReference = FC31D25F23B3DACA006162D7 /* HeatmapAppUITests.xctest */;
			productType = "com.apple.product-type.bundle.ui-testing";
		};
/* End PBXNativeTarget section */

/* Begin PBXProject section */
		FC31D23623B3DAC1006162D7 /* Project object */ = {
			isa = PBXProject;
			attributes = {
				LastSwiftUpdateCheck = 1110;
				LastUpgradeCheck = 1110;
				ORGANIZATIONNAME = "Big Ahi Software";
				TargetAttributes = {
					FC31D23D23B3DAC1006162D7 = {
						CreatedOnToolsVersion = 11.1;
					};
					FC31D25323B3DACA006162D7 = {
						CreatedOnToolsVersion = 11.1;
						TestTargetID = FC31D23D23B3DAC1006162D7;
					};
					FC31D25E23B3DACA006162D7 = {
						CreatedOnToolsVersion = 11.1;
						TestTargetID = FC31D23D23B3DAC1006162D7;
					};
				};
			};
			buildConfigurationList = FC31D23923B3DAC1006162D7 /* Build configuration list for PBXProject "HeatmapApp" */;
			compatibilityVersion = "Xcode 9.3";
			developmentRegion = en;
			hasScannedForEncodings = 0;
			knownRegions = (
				en,
				Base,
			);
			mainGroup = FC31D23523B3DAC1006162D7;
			productRefGroup = FC31D23F23B3DAC1006162D7 /* Products */;
			projectDirPath = "";
			projectRoot = "";
			targets = (
				FC31D23D23B3DAC1006162D7 /* HeatmapApp */,
				FC31D25323B3DACA006162D7 /* HeatmapAppTests */,
				FC31D25E23B3DACA006162D7 /* HeatmapAppUITests */,
			);
		};
/* End PBXProject section */

/* Begin PBXResourcesBuildPhase section */
		FC31D23C23B3DAC1006162D7 /* Resources */ = {
			isa = PBXResourcesBuildPhase;
			buildActionMask = 2147483647;
			files = (
				FC31D24E23B3DAC9006162D7 /* LaunchScreen.storyboard in Resources */,
				FC31D24B23B3DAC9006162D7 /* Assets.xcassets in Resources */,
				FC31D24923B3DAC1006162D7 /* Main.storyboard in Resources */,
			);
			runOnlyForDeploymentPostprocessing = 0;
		};
		FC31D25223B3DACA006162D7 /* Resources */ = {
			isa = PBXResourcesBuildPhase;
			buildActionMask = 2147483647;
			files = (
			);
			runOnlyForDeploymentPostprocessing = 0;
		};
		FC31D25D23B3DACA006162D7 /* Resources */ = {
			isa = PBXResourcesBuildPhase;
			buildActionMask = 2147483647;
			files = (
			);
			runOnlyForDeploymentPostprocessing = 0;
		};
/* End PBXResourcesBuildPhase section */

/* Begin PBXSourcesBuildPhase section */
		FC31D23A23B3DAC1006162D7 /* Sources */ = {
			isa = PBXSourcesBuildPhase;
			buildActionMask = 2147483647;
			files = (
				FC31D24623B3DAC1006162D7 /* ViewController.swift in Sources */,
				FC31D24223B3DAC1006162D7 /* AppDelegate.swift in Sources */,
				FC31D24423B3DAC1006162D7 /* SceneDelegate.swift in Sources */,
			);
			runOnlyForDeploymentPostprocessing = 0;
		};
		FC31D25023B3DACA006162D7 /* Sources */ = {
			isa = PBXSourcesBuildPhase;
			buildActionMask = 2147483647;
			files = (
				FC31D25923B3DACA006162D7 /* HeatmapAppTests.swift in Sources */,
			);
			runOnlyForDeploymentPostprocessing = 0;
		};
		FC31D25B23B3DACA006162D7 /* Sources */ = {
			isa = PBXSourcesBuildPhase;
			buildActionMask = 2147483647;
			files = (
				FC31D26423B3DACA006162D7 /* HeatmapAppUITests.swift in Sources */,
			);
			runOnlyForDeploymentPostprocessing = 0;
		};
/* End PBXSourcesBuildPhase section */

/* Begin PBXTargetDependency section */
		FC31D25623B3DACA006162D7 /* PBXTargetDependency */ = {
			isa = PBXTargetDependency;
			target = FC31D23D23B3DAC1006162D7 /* HeatmapApp */;
			targetProxy = FC31D25523B3DACA006162D7 /* PBXContainerItemProxy */;
		};
		FC31D26123B3DACA006162D7 /* PBXTargetDependency */ = {
			isa = PBXTargetDependency;
			target = FC31D23D23B3DAC1006162D7 /* HeatmapApp */;
			targetProxy = FC31D26023B3DACA006162D7 /* PBXContainerItemProxy */;
		};
/* End PBXTargetDependency section */

/* Begin PBXVariantGroup section */
		FC31D24723B3DAC1006162D7 /* Main.storyboard */ = {
			isa = PBXVariantGroup;
			children = (
				FC31D24823B3DAC1006162D7 /* Base */,
			);
			name = Main.storyboard;
			sourceTree = "<group>";
		};
		FC31D24C23B3DAC9006162D7 /* LaunchScreen.storyboard */ = {
			isa = PBXVariantGroup;
			children = (
				FC31D24D23B3DAC9006162D7 /* Base */,
			);
			name = LaunchScreen.storyboard;
			sourceTree = "<group>";
		};
/* End PBXVariantGroup section */

/* Begin XCBuildConfiguration section */
		FC31D26623B3DACB006162D7 /* Debug */ = {
			isa = XCBuildConfiguration;
			buildSettings = {
				ALWAYS_SEARCH_USER_PATHS = NO;
				CLANG_ANALYZER_NONNULL = YES;
				CLANG_ANALYZER_NUMBER_OBJECT_CONVERSION = YES_AGGRESSIVE;
				CLANG_CXX_LANGUAGE_STANDARD = "gnu++14";
				CLANG_CXX_LIBRARY = "libc++";
				CLANG_ENABLE_MODULES = YES;
				CLANG_ENABLE_OBJC_ARC = YES;
				CLANG_ENABLE_OBJC_WEAK = YES;
				CLANG_WARN_BLOCK_CAPTURE_AUTORELEASING = YES;
				CLANG_WARN_BOOL_CONVERSION = YES;
				CLANG_WARN_COMMA = YES;
				CLANG_WARN_CONSTANT_CONVERSION = YES;
				CLANG_WARN_DEPRECATED_OBJC_IMPLEMENTATIONS = YES;
				CLANG_WARN_DIRECT_OBJC_ISA_USAGE = YES_ERROR;
				CLANG_WARN_DOCUMENTATION_COMMENTS = YES;
				CLANG_WARN_EMPTY_BODY = YES;
				CLANG_WARN_ENUM_CONVERSION = YES;
				CLANG_WARN_INFINITE_RECURSION = YES;
				CLANG_WARN_INT_CONVERSION = YES;
				CLANG_WARN_NON_LITERAL_NULL_CONVERSION = YES;
				CLANG_WARN_OBJC_IMPLICIT_RETAIN_SELF = YES;
				CLANG_WARN_OBJC_LITERAL_CONVERSION = YES;
				CLANG_WARN_OBJC_ROOT_CLASS = YES_ERROR;
				CLANG_WARN_RANGE_LOOP_ANALYSIS = YES;
				CLANG_WARN_STRICT_PROTOTYPES = YES;
				CLANG_WARN_SUSPICIOUS_MOVE = YES;
				CLANG_WARN_UNGUARDED_AVAILABILITY = YES_AGGRESSIVE;
				CLANG_WARN_UNREACHABLE_CODE = YES;
				CLANG_WARN__DUPLICATE_METHOD_MATCH = YES;
				COPY_PHASE_STRIP = NO;
				DEBUG_INFORMATION_FORMAT = dwarf;
				ENABLE_STRICT_OBJC_MSGSEND = YES;
				ENABLE_TESTABILITY = YES;
				GCC_C_LANGUAGE_STANDARD = gnu11;
				GCC_DYNAMIC_NO_PIC = NO;
				GCC_NO_COMMON_BLOCKS = YES;
				GCC_OPTIMIZATION_LEVEL = 0;
				GCC_PREPROCESSOR_DEFINITIONS = (
					"DEBUG=1",
					"$(inherited)",
				);
				GCC_WARN_64_TO_32_BIT_CONVERSION = YES;
				GCC_WARN_ABOUT_RETURN_TYPE = YES_ERROR;
				GCC_WARN_UNDECLARED_SELECTOR = YES;
				GCC_WARN_UNINITIALIZED_AUTOS = YES_AGGRESSIVE;
				GCC_WARN_UNUSED_FUNCTION = YES;
				GCC_WARN_UNUSED_VARIABLE = YES;
				IPHONEOS_DEPLOYMENT_TARGET = 13.1;
				MTL_ENABLE_DEBUG_INFO = INCLUDE_SOURCE;
				MTL_FAST_MATH = YES;
				ONLY_ACTIVE_ARCH = YES;
				SDKROOT = iphoneos;
				SWIFT_ACTIVE_COMPILATION_CONDITIONS = DEBUG;
				SWIFT_OPTIMIZATION_LEVEL = "-Onone";
			};
			name = Debug;
		};
		FC31D26723B3DACB006162D7 /* Release */ = {
			isa = XCBuildConfiguration;
			buildSettings = {
				ALWAYS_SEARCH_USER_PATHS = NO;
				CLANG_ANALYZER_NONNULL = YES;
				CLANG_ANALYZER_NUMBER_OBJECT_CONVERSION = YES_AGGRESSIVE;
				CLANG_CXX_LANGUAGE_STANDARD = "gnu++14";
				CLANG_CXX_LIBRARY = "libc++";
				CLANG_ENABLE_MODULES = YES;
				CLANG_ENABLE_OBJC_ARC = YES;
				CLANG_ENABLE_OBJC_WEAK = YES;
				CLANG_WARN_BLOCK_CAPTURE_AUTORELEASING = YES;
				CLANG_WARN_BOOL_CONVERSION = YES;
				CLANG_WARN_COMMA = YES;
				CLANG_WARN_CONSTANT_CONVERSION = YES;
				CLANG_WARN_DEPRECATED_OBJC_IMPLEMENTATIONS = YES;
				CLANG_WARN_DIRECT_OBJC_ISA_USAGE = YES_ERROR;
				CLANG_WARN_DOCUMENTATION_COMMENTS = YES;
				CLANG_WARN_EMPTY_BODY = YES;
				CLANG_WARN_ENUM_CONVERSION = YES;
				CLANG_WARN_INFINITE_RECURSION = YES;
				CLANG_WARN_INT_CONVERSION = YES;
				CLANG_WARN_NON_LITERAL_NULL_CONVERSION = YES;
				CLANG_WARN_OBJC_IMPLICIT_RETAIN_SELF = YES;
				CLANG_WARN_OBJC_LITERAL_CONVERSION = YES;
				CLANG_WARN_OBJC_ROOT_CLASS = YES_ERROR;
				CLANG_WARN_RANGE_LOOP_ANALYSIS = YES;
				CLANG_WARN_STRICT_PROTOTYPES = YES;
				CLANG_WARN_SUSPICIOUS_MOVE = YES;
				CLANG_WARN_UNGUARDED_AVAILABILITY = YES_AGGRESSIVE;
				CLANG_WARN_UNREACHABLE_CODE = YES;
				CLANG_WARN__DUPLICATE_METHOD_MATCH = YES;
				COPY_PHASE_STRIP = NO;
				DEBUG_INFORMATION_FORMAT = "dwarf-with-dsym";
				ENABLE_NS_ASSERTIONS = NO;
				ENABLE_STRICT_OBJC_MSGSEND = YES;
				GCC_C_LANGUAGE_STANDARD = gnu11;
				GCC_NO_COMMON_BLOCKS = YES;
				GCC_WARN_64_TO_32_BIT_CONVERSION = YES;
				GCC_WARN_ABOUT_RETURN_TYPE = YES_ERROR;
				GCC_WARN_UNDECLARED_SELECTOR = YES;
				GCC_WARN_UNINITIALIZED_AUTOS = YES_AGGRESSIVE;
				GCC_WARN_UNUSED_FUNCTION = YES;
				GCC_WARN_UNUSED_VARIABLE = YES;
				IPHONEOS_DEPLOYMENT_TARGET = 13.1;
				MTL_ENABLE_DEBUG_INFO = NO;
				MTL_FAST_MATH = YES;
				SDKROOT = iphoneos;
				SWIFT_COMPILATION_MODE = wholemodule;
				SWIFT_OPTIMIZATION_LEVEL = "-O";
				VALIDATE_PRODUCT = YES;
			};
			name = Release;
		};
		FC31D26923B3DACB006162D7 /* Debug */ = {
			isa = XCBuildConfiguration;
			buildSettings = {
				ASSETCATALOG_COMPILER_APPICON_NAME = AppIcon;
				CODE_SIGN_STYLE = Automatic;
				DEVELOPMENT_TEAM = JXS7RJNK43;
				INFOPLIST_FILE = HeatmapApp/Info.plist;
				LD_RUNPATH_SEARCH_PATHS = (
					"$(inherited)",
					"@executable_path/Frameworks",
				);
				PRODUCT_BUNDLE_IDENTIFIER = "com.Big-Ahi-Software.HeatmapApp";
				PRODUCT_NAME = "$(TARGET_NAME)";
				SWIFT_VERSION = 5.0;
				TARGETED_DEVICE_FAMILY = "1,2";
			};
			name = Debug;
		};
		FC31D26A23B3DACB006162D7 /* Release */ = {
			isa = XCBuildConfiguration;
			buildSettings = {
				ASSETCATALOG_COMPILER_APPICON_NAME = AppIcon;
				CODE_SIGN_STYLE = Automatic;
				DEVELOPMENT_TEAM = JXS7RJNK43;
				INFOPLIST_FILE = HeatmapApp/Info.plist;
				LD_RUNPATH_SEARCH_PATHS = (
					"$(inherited)",
					"@executable_path/Frameworks",
				);
				PRODUCT_BUNDLE_IDENTIFIER = "com.Big-Ahi-Software.HeatmapApp";
				PRODUCT_NAME = "$(TARGET_NAME)";
				SWIFT_VERSION = 5.0;
				TARGETED_DEVICE_FAMILY = "1,2";
			};
			name = Release;
		};
		FC31D26C23B3DACB006162D7 /* Debug */ = {
			isa = XCBuildConfiguration;
			buildSettings = {
				ALWAYS_EMBED_SWIFT_STANDARD_LIBRARIES = YES;
				BUNDLE_LOADER = "$(TEST_HOST)";
				CODE_SIGN_STYLE = Automatic;
				DEVELOPMENT_TEAM = JXS7RJNK43;
				INFOPLIST_FILE = HeatmapAppTests/Info.plist;
				IPHONEOS_DEPLOYMENT_TARGET = 13.1;
				LD_RUNPATH_SEARCH_PATHS = (
					"$(inherited)",
					"@executable_path/Frameworks",
					"@loader_path/Frameworks",
				);
				PRODUCT_BUNDLE_IDENTIFIER = "com.Big-Ahi-Software.HeatmapAppTests";
				PRODUCT_NAME = "$(TARGET_NAME)";
				SWIFT_VERSION = 5.0;
				TARGETED_DEVICE_FAMILY = "1,2";
				TEST_HOST = "$(BUILT_PRODUCTS_DIR)/HeatmapApp.app/HeatmapApp";
			};
			name = Debug;
		};
		FC31D26D23B3DACB006162D7 /* Release */ = {
			isa = XCBuildConfiguration;
			buildSettings = {
				ALWAYS_EMBED_SWIFT_STANDARD_LIBRARIES = YES;
				BUNDLE_LOADER = "$(TEST_HOST)";
				CODE_SIGN_STYLE = Automatic;
				DEVELOPMENT_TEAM = JXS7RJNK43;
				INFOPLIST_FILE = HeatmapAppTests/Info.plist;
				IPHONEOS_DEPLOYMENT_TARGET = 13.1;
				LD_RUNPATH_SEARCH_PATHS = (
					"$(inherited)",
					"@executable_path/Frameworks",
					"@loader_path/Frameworks",
				);
				PRODUCT_BUNDLE_IDENTIFIER = "com.Big-Ahi-Software.HeatmapAppTests";
				PRODUCT_NAME = "$(TARGET_NAME)";
				SWIFT_VERSION = 5.0;
				TARGETED_DEVICE_FAMILY = "1,2";
				TEST_HOST = "$(BUILT_PRODUCTS_DIR)/HeatmapApp.app/HeatmapApp";
			};
			name = Release;
		};
		FC31D26F23B3DACB006162D7 /* Debug */ = {
			isa = XCBuildConfiguration;
			buildSettings = {
				ALWAYS_EMBED_SWIFT_STANDARD_LIBRARIES = YES;
				CODE_SIGN_STYLE = Automatic;
				DEVELOPMENT_TEAM = JXS7RJNK43;
				INFOPLIST_FILE = HeatmapAppUITests/Info.plist;
				LD_RUNPATH_SEARCH_PATHS = (
					"$(inherited)",
					"@executable_path/Frameworks",
					"@loader_path/Frameworks",
				);
				PRODUCT_BUNDLE_IDENTIFIER = "com.Big-Ahi-Software.HeatmapAppUITests";
				PRODUCT_NAME = "$(TARGET_NAME)";
				SWIFT_VERSION = 5.0;
				TARGETED_DEVICE_FAMILY = "1,2";
				TEST_TARGET_NAME = HeatmapApp;
			};
			name = Debug;
		};
		FC31D27023B3DACB006162D7 /* Release */ = {
			isa = XCBuildConfiguration;
			buildSettings = {
				ALWAYS_EMBED_SWIFT_STANDARD_LIBRARIES = YES;
				CODE_SIGN_STYLE = Automatic;
				DEVELOPMENT_TEAM = JXS7RJNK43;
				INFOPLIST_FILE = HeatmapAppUITests/Info.plist;
				LD_RUNPATH_SEARCH_PATHS = (
					"$(inherited)",
					"@executable_path/Frameworks",
					"@loader_path/Frameworks",
				);
				PRODUCT_BUNDLE_IDENTIFIER = "com.Big-Ahi-Software.HeatmapAppUITests";
				PRODUCT_NAME = "$(TARGET_NAME)";
				SWIFT_VERSION = 5.0;
				TARGETED_DEVICE_FAMILY = "1,2";
				TEST_TARGET_NAME = HeatmapApp;
			};
			name = Release;
		};
/* End XCBuildConfiguration section */

/* Begin XCConfigurationList section */
		FC31D23923B3DAC1006162D7 /* Build configuration list for PBXProject "HeatmapApp" */ = {
			isa = XCConfigurationList;
			buildConfigurations = (
				FC31D26623B3DACB006162D7 /* Debug */,
				FC31D26723B3DACB006162D7 /* Release */,
			);
			defaultConfigurationIsVisible = 0;
			defaultConfigurationName = Release;
		};
		FC31D26823B3DACB006162D7 /* Build configuration list for PBXNativeTarget "HeatmapApp" */ = {
			isa = XCConfigurationList;
			buildConfigurations = (
				FC31D26923B3DACB006162D7 /* Debug */,
				FC31D26A23B3DACB006162D7 /* Release */,
			);
			defaultConfigurationIsVisible = 0;
			defaultConfigurationName = Release;
		};
		FC31D26B23B3DACB006162D7 /* Build configuration list for PBXNativeTarget "HeatmapAppTests" */ = {
			isa = XCConfigurationList;
			buildConfigurations = (
				FC31D26C23B3DACB006162D7 /* Debug */,
				FC31D26D23B3DACB006162D7 /* Release */,
			);
			defaultConfigurationIsVisible = 0;
			defaultConfigurationName = Release;
		};
		FC31D26E23B3DACB006162D7 /* Build configuration list for PBXNativeTarget "HeatmapAppUITests" */ = {
			isa = XCConfigurationList;
			buildConfigurations = (
				FC31D26F23B3DACB006162D7 /* Debug */,
				FC31D27023B3DACB006162D7 /* Release */,
			);
			defaultConfigurationIsVisible = 0;
			defaultConfigurationName = Release;
		};
/* End XCConfigurationList section */
	};
	rootObject = FC31D23623B3DAC1006162D7 /* Project object */;
}
